{
  "nodes": {
    "dlib": {
      "flake": false,
      "locked": {
        "narHash": "sha256-9JU1k7Q28ZzB5WxyG6Xg3XzJKmwUUbbGw4cGJ/+xgas=",
        "type": "tarball",
        "url": "http://dlib.net/files/dlib-19.21.tar.bz2"
      },
      "original": {
        "type": "tarball",
        "url": "http://dlib.net/files/dlib-19.21.tar.bz2"
      }
    },
    "flake-utils": {
      "locked": {
        "lastModified": 1610051610,
        "narHash": "sha256-U9rPz/usA1/Aohhk7Cmc2gBrEEKRzcW4nwPWMPwja4Y=",
        "owner": "numtide",
        "repo": "flake-utils",
        "rev": "3982c9903e93927c2164caa727cd3f6a0e6d14cc",
        "type": "github"
      },
      "original": {
        "owner": "numtide",
        "repo": "flake-utils",
        "type": "github"
      }
    },
    "nixpkgs": {
      "locked": {
        "narHash": "sha256-Fzcv+7JE8jy4smpiGTz8oxbxTMEipcn3WrUQfsgyRNY=",
        "path": "/nix/store/7c4nnmg11yp3z2yqjavjgkb2rjyb9zp5-source",
        "type": "path"
      },
      "original": {
        "id": "nixpkgs",
        "type": "indirect"
      }
    },
    "opencv": {
      "flake": false,
      "locked": {
        "narHash": "sha256-vNSwfJ1WibbdcBftQHMxJPKJkY9loUbzqQcsZyMkZk8=",
        "type": "tarball",
        "url": "https://github.com/opencv/opencv/archive/4.5.0.zip"
      },
      "original": {
        "type": "tarball",
        "url": "https://github.com/opencv/opencv/archive/4.5.0.zip"
      }
    },
    "paho-mqtt-c": {
      "flake": false,
      "locked": {
        "narHash": "sha256-THNd+0qI1NO8sTtlVlDcVkuKBXj0tsqe58x0l5WQoj4=",
        "type": "tarball",
        "url": "https://github.com/eclipse/paho.mqtt.c/archive/v1.3.8.tar.gz"
      },
      "original": {
        "type": "tarball",
        "url": "https://github.com/eclipse/paho.mqtt.c/archive/v1.3.8.tar.gz"
      }
    },
    "paho-mqtt-cpp": {
      "flake": false,
      "locked": {
        "narHash": "sha256-tcq0a4X5dKE4rnczRMAVe3Wt43YzUKbxsv9Sk+q+IB8=",
        "type": "tarball",
        "url": "https://github.com/eclipse/paho.mqtt.cpp/archive/v1.2.0.tar.gz"
      },
      "original": {
        "type": "tarball",
        "url": "https://github.com/eclipse/paho.mqtt.cpp/archive/v1.2.0.tar.gz"
      }
    },
    "root": {
      "inputs": {
        "dlib": "dlib",
        "flake-utils": "flake-utils",
        "nixpkgs": "nixpkgs",
        "opencv": "opencv",
        "paho-mqtt-c": "paho-mqtt-c",
        "paho-mqtt-cpp": "paho-mqtt-cpp",
        "spdlog": "spdlog",
        "wt": "wt"
      }
    },
    "spdlog": {
      "flake": false,
      "locked": {
        "narHash": "sha256-EyZhYgcdtZC+vsOUKShheY57L0tpXltduHWwaoy6G9k=",
        "type": "tarball",
        "url": "https://github.com/gabime/spdlog/archive/v1.8.1.tar.gz"
      },
      "original": {
        "type": "tarball",
        "url": "https://github.com/gabime/spdlog/archive/v1.8.1.tar.gz"
      }
    },
    "wt": {
      "flake": false,
      "locked": {
        "lastModified": 1608053534,
        "narHash": "sha256-m3eDyGgttHWY7UjWyli2pcH/XqjnF3/te4JVoWr7W5s=",
        "owner": "emweb",
        "repo": "wt",
        "rev": "d3ee790da1826529e3d025d919f5c3608d029562",
        "type": "github"
      },
      "original": {
        "owner": "emweb",
        "ref": "4.5.0",
        "repo": "wt",
        "type": "github"
      }
    }
  },
  "root": "root",
  "version": 7
}
