{
  "nodes": {
    "dlib": {
      "flake": false,
      "locked": {
        "narHash": "sha256-9JU1k7Q28ZzB5WxyG6Xg3XzJKmwUUbbGw4cGJ/+xgas=",
        "type": "tarball",
        "url": "http://dlib.net/files/dlib-19.21.tar.bz2"
      },
      "original": {
        "type": "tarball",
        "url": "http://dlib.net/files/dlib-19.21.tar.bz2"
      }
    },
    "flake-utils": {
      "locked": {
        "lastModified": 1605370193,
        "narHash": "sha256-YyMTf3URDL/otKdKgtoMChu4vfVL3vCMkRqpGifhUn0=",
        "owner": "numtide",
        "repo": "flake-utils",
        "rev": "5021eac20303a61fafe17224c087f5519baed54d",
        "type": "github"
      },
      "original": {
        "owner": "numtide",
        "repo": "flake-utils",
        "type": "github"
      }
    },
    "nixpkgs": {
      "locked": {
        "lastModified": 1605025331,
        "narHash": "sha256-NNvRgHZ/qRgahBu19hvBWZViEswOwQi8y9QBtL6zc20=",
        "path": "/nix/store/xs52f36vqa8ddwzx406axdyr5db6wj9r-source",
        "rev": "ed697cde581ba63e6e9e2f5603b2564a576aff65",
        "type": "path"
      },
      "original": {
        "id": "nixpkgs",
        "type": "indirect"
      }
    },
    "opencv": {
      "flake": false,
      "locked": {
        "narHash": "sha256-vNSwfJ1WibbdcBftQHMxJPKJkY9loUbzqQcsZyMkZk8=",
        "type": "tarball",
        "url": "https://github.com/opencv/opencv/archive/4.5.0.zip"
      },
      "original": {
        "type": "tarball",
        "url": "https://github.com/opencv/opencv/archive/4.5.0.zip"
      }
    },
    "paho-mqtt-c": {
      "flake": false,
      "locked": {
        "narHash": "sha256-d+mY6dBX0FIzoPOA8qDrn+zr4SyCqAmW7FpSi8zq2A0=",
        "type": "tarball",
        "url": "https://github.com/eclipse/paho.mqtt.c/archive/v1.3.6.tar.gz"
      },
      "original": {
        "type": "tarball",
        "url": "https://github.com/eclipse/paho.mqtt.c/archive/v1.3.6.tar.gz"
      }
    },
    "paho-mqtt-cpp": {
      "flake": false,
      "locked": {
        "narHash": "sha256-nvrqwHtNZSVl8QyEByvO50KlJHjzve/2mBNuipabfGE=",
        "type": "tarball",
        "url": "https://github.com/eclipse/paho.mqtt.cpp/archive/v1.1.tar.gz"
      },
      "original": {
        "type": "tarball",
        "url": "https://github.com/eclipse/paho.mqtt.cpp/archive/v1.1.tar.gz"
      }
    },
    "root": {
      "inputs": {
        "dlib": "dlib",
        "flake-utils": "flake-utils",
        "nixpkgs": "nixpkgs",
        "opencv": "opencv",
        "paho-mqtt-c": "paho-mqtt-c",
        "paho-mqtt-cpp": "paho-mqtt-cpp",
        "spdlog": "spdlog",
        "wt": "wt"
      }
    },
    "spdlog": {
      "flake": false,
      "locked": {
        "narHash": "sha256-EyZhYgcdtZC+vsOUKShheY57L0tpXltduHWwaoy6G9k=",
        "type": "tarball",
        "url": "https://github.com/gabime/spdlog/archive/v1.8.1.tar.gz"
      },
      "original": {
        "type": "tarball",
        "url": "https://github.com/gabime/spdlog/archive/v1.8.1.tar.gz"
      }
    },
    "wt": {
      "flake": false,
      "locked": {
        "lastModified": 1596447962,
        "narHash": "sha256-BRWW+AHmoNvKInQZdpze8bVNX3ZhVAAHequ6OlS972g=",
        "owner": "emweb",
        "repo": "wt",
        "rev": "9c6b7807b4fdaefe659ff9ab8ff4ba3937e62b2f",
        "type": "github"
      },
      "original": {
        "owner": "emweb",
        "ref": "4.4.0",
        "repo": "wt",
        "type": "github"
      }
    }
  },
  "root": "root",
  "version": 7
}
